lockfileVersion: '9.0'

settings:
  autoInstallPeers: true
  excludeLinksFromLockfile: false

overrides:
  nanoid: 3.3.18
  postcss: 8.5.23
  sharp: 0.35.0

importers:

  .:
    devDependencies:
      prettier:
        specifier: ^3.6.2
        version: 3.9.6
      turbo:
        specifier: ^2.5.6
        version: 2.10.8
      typescript:
        specifier: ^5.9.2
        version: 5.9.3

  apps/ai-service:
    dependencies:
      '@nestjs/common':
        specifier: ^11.1.6
        version: 11.1.28(reflect-metadata@0.2.2)(rxjs@7.8.2)
      '@nestjs/core':
        specifier: ^11.1.6
        version: 11.1.28(@nestjs/common@11.1.28(reflect-metadata@0.2.2)(rxjs@7.8.2))(@nestjs/platform-express@11.1.28)(reflect-metadata@0.2.2)(rxjs@7.8.2)
      '@nestjs/platform-express':
        specifier: ^11.1.6
        version: 11.1.28(@nestjs/common@11.1.28(reflect-metadata@0.2.2)(rxjs@7.8.2))(@nestjs/core@11.1.28)
      pg:
        specifier: ^8.22.0
        version: 8.22.0
      reflect-metadata:
        specifier: ^0.2.2
        version: 0.2.2
      rxjs:
        specifier: ^7.8.2
        version: 7.8.2
    devDependencies:
      '@nestjs/cli':
        specifier: ^11.0.10
        version: 11.0.24(@types/node@24.13.3)(prettier@3.9.6)
      '@types/node':
        specifier: ^24.3.0
        version: 24.13.3
      '@types/pg':
        specifier: ^8.20.0
        version: 8.20.3
      '@vitest/coverage-v8':
        specifier: ^3.2.4
        version: 3.2.7(vitest@3.2.7(@types/node@24.13.3)(terser@5.49.1)(tsx@4.23.5))
      typescript:
        specifier: ^5.9.2
        version: 5.9.3
      vitest:
        specifier: ^3.2.4
        version: 3.2.7(@types/node@24.13.3)(terser@5.49.1)(tsx@4.23.5)

  apps/gateway:
    dependencies:
      '@life-os/contracts':
        specifier: workspace:*
        version: link:../../packages/contracts
      '@life-os/observability':
        specifier: workspace:*
        version: link:../../packages/observability
      '@nestjs/common':
        specifier: ^11.1.6
        version: 11.1.28(reflect-metadata@0.2.2)(rxjs@7.8.2)
      '@nestjs/core':
        specifier: ^11.1.6
        version: 11.1.28(@nestjs/common@11.1.28(reflect-metadata@0.2.2)(rxjs@7.8.2))(@nestjs/platform-express@11.1.28)(reflect-metadata@0.2.2)(rxjs@7.8.2)
      '@nestjs/platform-express':
        specifier: ^11.1.6
        version: 11.1.28(@nestjs/common@11.1.28(reflect-metadata@0.2.2)(rxjs@7.8.2))(@nestjs/core@11.1.28)
      reflect-metadata:
        specifier: ^0.2.2
        version: 0.2.2
      rxjs:
        specifier: ^7.8.2
        version: 7.8.2
    devDependencies:
      '@nestjs/cli':
        specifier: ^11.0.10
        version: 11.0.24(@types/node@24.13.3)(prettier@3.9.6)
      '@types/node':
        specifier: ^24.3.0
        version: 24.13.3
      typescript:
        specifier: ^5.9.2
        version: 5.9.3
      vitest:
        specifier: ^3.2.4
        version: 3.2.7(@types/node@24.13.3)(terser@5.49.1)(tsx@4.23.5)

  apps/habit-service:
    dependencies:
      '@nestjs/common':
        specifier: ^11.1.6
        version: 11.1.28(reflect-metadata@0.2.2)(rxjs@7.8.2)
      '@nestjs/core':
        specifier: ^11.1.6
        version: 11.1.28(@nestjs/common@11.1.28(reflect-metadata@0.2.2)(rxjs@7.8.2))(@nestjs/platform-express@11.1.28)(reflect-metadata@0.2.2)(rxjs@7.8.2)
      '@nestjs/platform-express':
        specifier: ^11.1.6
        version: 11.1.28(@nestjs/common@11.1.28(reflect-metadata@0.2.2)(rxjs@7.8.2))(@nestjs/core@11.1.28)
      pg:
        specifier: ^8.22.0
        version: 8.22.0
      reflect-metadata:
        specifier: ^0.2.2
        version: 0.2.2
      rxjs:
        specifier: ^7.8.2
        version: 7.8.2
    devDependencies:
      '@nestjs/cli':
        specifier: ^11.0.10
        version: 11.0.24(@types/node@24.13.3)(prettier@3.9.6)
      '@types/node':
        specifier: ^24.3.0
        version: 24.13.3
      '@types/pg':
        specifier: ^8.20.0
        version: 8.20.3
      typescript:
        specifier: ^5.9.2
        version: 5.9.3
      vitest:
        specifier: ^3.2.4
        version: 3.2.7(@types/node@24.13.3)(terser@5.49.1)(tsx@4.23.5)

  apps/identity-service:
    dependencies:
      '@nestjs/common':
        specifier: ^11.1.6
        version: 11.1.28(reflect-metadata@0.2.2)(rxjs@7.8.2)
      '@nestjs/core':
        specifier: ^11.1.6
        version: 11.1.28(@nestjs/common@11.1.28(reflect-metadata@0.2.2)(rxjs@7.8.2))(@nestjs/platform-express@11.1.28)(reflect-metadata@0.2.2)(rxjs@7.8.2)
      '@nestjs/platform-express':
        specifier: ^11.1.6
        version: 11.1.28(@nestjs/common@11.1.28(reflect-metadata@0.2.2)(rxjs@7.8.2))(@nestjs/core@11.1.28)
      pg:
        specifier: ^8.22.0
        version: 8.22.0
      reflect-metadata:
        specifier: ^0.2.2
        version: 0.2.2
      rxjs:
        specifier: ^7.8.2
        version: 7.8.2
    devDependencies:
      '@nestjs/cli':
        specifier: ^11.0.10
        version: 11.0.24(@types/node@24.13.3)(prettier@3.9.6)
      '@types/node':
        specifier: ^24.3.0
        version: 24.13.3
      '@types/pg':
        specifier: ^8.20.0
        version: 8.20.3
      typescript:
        specifier: ^5.9.2
        version: 5.9.3
      vitest:
        specifier: ^3.2.4
        version: 3.2.7(@types/node@24.13.3)(terser@5.49.1)(tsx@4.23.5)

  apps/integration-calendar-service:
    dependencies:
      '@nestjs/common':
        specifier: ^11.1.6
        version: 11.1.28(reflect-metadata@0.2.2)(rxjs@7.8.2)
      '@nestjs/core':
        specifier: ^11.1.6
        version: 11.1.28(@nestjs/common@11.1.28(reflect-metadata@0.2.2)(rxjs@7.8.2))(@nestjs/platform-express@11.1.28)(reflect-metadata@0.2.2)(rxjs@7.8.2)
      '@nestjs/platform-express':
        specifier: ^11.1.6
        version: 11.1.28(@nestjs/common@11.1.28(reflect-metadata@0.2.2)(rxjs@7.8.2))(@nestjs/core@11.1.28)
      reflect-metadata:
        specifier: ^0.2.2
        version: 0.2.2
      rxjs:
        specifier: ^7.8.2
        version: 7.8.2
    devDependencies:
      '@nestjs/cli':
        specifier: ^11.0.10
        version: 11.0.24(@types/node@24.13.3)(prettier@3.9.6)
      '@types/node':
        specifier: ^24.3.0
        version: 24.13.3
      typescript:
        specifier: ^5.9.2
        version: 5.9.3
      vitest:
        specifier: ^3.2.4
        version: 3.2.7(@types/node@24.13.3)(terser@5.49.1)(tsx@4.23.5)

  apps/integration-service:
    dependencies:
      '@life-os/plugin-sdk':
        specifier: workspace:*
        version: link:../../packages/plugin-sdk
      '@nestjs/common':
        specifier: ^11.1.6
        version: 11.1.28(reflect-metadata@0.2.2)(rxjs@7.8.2)
      '@nestjs/core':
        specifier: ^11.1.6
        version: 11.1.28(@nestjs/common@11.1.28(reflect-metadata@0.2.2)(rxjs@7.8.2))(@nestjs/platform-express@11.1.28)(reflect-metadata@0.2.2)(rxjs@7.8.2)
      '@nestjs/platform-express':
        specifier: ^11.1.6
        version: 11.1.28(@nestjs/common@11.1.28(reflect-metadata@0.2.2)(rxjs@7.8.2))(@nestjs/core@11.1.28)
      pg:
        specifier: ^8.22.0
        version: 8.22.0
      reflect-metadata:
        specifier: ^0.2.2
        version: 0.2.2
      rxjs:
        specifier: ^7.8.2
        version: 7.8.2
    devDependencies:
      '@nestjs/cli':
        specifier: ^11.0.10
        version: 11.0.24(@types/node@24.13.3)(prettier@3.9.6)
      '@types/node':
        specifier: ^24.3.0
        version: 24.13.3
      '@types/pg':
        specifier: ^8.20.0
        version: 8.20.3
      typescript:
        specifier: ^5.9.2
        version: 5.9.3
      vitest:
        specifier: ^3.2.4
        version: 3.2.7(@types/node@24.13.3)(terser@5.49.1)(tsx@4.23.5)

  apps/notification-service:
    dependencies:
      '@nestjs/common':
        specifier: ^11.1.6
        version: 11.1.28(reflect-metadata@0.2.2)(rxjs@7.8.2)
      pg:
        specifier: ^8.22.0
        version: 8.22.0
    devDependencies:
      '@types/node':
        specifier: ^24.3.0
        version: 24.13.3
      '@types/pg':
        specifier: ^8.20.0
        version: 8.20.3
      '@vitest/coverage-v8':
        specifier: ^3.2.4
        version: 3.2.7(vitest@3.2.7(@types/node@24.13.3)(terser@5.49.1)(tsx@4.23.5))
      typescript:
        specifier: ^5.9.2
        version: 5.9.3
      vitest:
        specifier: ^3.2.4
        version: 3.2.7(@types/node@24.13.3)(terser@5.49.1)(tsx@4.23.5)

  apps/planning-service:
    dependencies:
      '@life-os/observability':
        specifier: workspace:*
        version: link:../../packages/observability
      '@nestjs/common':
        specifier: ^11.1.6
        version: 11.1.28(reflect-metadata@0.2.2)(rxjs@7.8.2)
      '@nestjs/core':
        specifier: ^11.1.6
        version: 11.1.28(@nestjs/common@11.1.28(reflect-metadata@0.2.2)(rxjs@7.8.2))(@nestjs/platform-express@11.1.28)(reflect-metadata@0.2.2)(rxjs@7.8.2)
      '@nestjs/platform-express':
        specifier: ^11.1.6
        version: 11.1.28(@nestjs/common@11.1.28(reflect-metadata@0.2.2)(rxjs@7.8.2))(@nestjs/core@11.1.28)
      pg:
        specifier: ^8.22.0
        version: 8.22.0
      reflect-metadata:
        specifier: ^0.2.2
        version: 0.2.2
      rxjs:
        specifier: ^7.8.2
        version: 7.8.2
    devDependencies:
      '@nestjs/cli':
        specifier: ^11.0.10
        version: 11.0.24(@types/node@24.13.3)(prettier@3.9.6)
      '@types/node':
        specifier: ^24.3.0
        version: 24.13.3
      '@types/pg':
        specifier: ^8.20.0
        version: 8.20.3
      typescript:
        specifier: ^5.9.2
        version: 5.9.3
      vitest:
        specifier: ^3.2.4
        version: 3.2.7(@types/node@24.13.3)(terser@5.49.1)(tsx@4.23.5)

  apps/privacy-service:
    dependencies:
      '@nestjs/common':
        specifier: ^11.1.6
        version: 11.1.28(reflect-metadata@0.2.2)(rxjs@7.8.2)
      '@nestjs/core':
        specifier: ^11.1.6
        version: 11.1.28(@nestjs/common@11.1.28(reflect-metadata@0.2.2)(rxjs@7.8.2))(@nestjs/platform-express@11.1.28)(reflect-metadata@0.2.2)(rxjs@7.8.2)
      '@nestjs/platform-express':
        specifier: ^11.1.6
        version: 11.1.28(@nestjs/common@11.1.28(reflect-metadata@0.2.2)(rxjs@7.8.2))(@nestjs/core@11.1.28)
      pg:
        specifier: ^8.22.0
        version: 8.22.0
      reflect-metadata:
        specifier: ^0.2.2
        version: 0.2.2
      rxjs:
        specifier: ^7.8.2
        version: 7.8.2
    devDependencies:
      '@nestjs/cli':
        specifier: ^11.0.10
        version: 11.0.24(@types/node@24.13.3)(prettier@3.9.6)
      '@types/node':
        specifier: ^24.3.0
        version: 24.13.3
      '@types/pg':
        specifier: ^8.20.0
        version: 8.20.3
      '@vitest/coverage-v8':
        specifier: ^3.2.4
        version: 3.2.7(vitest@3.2.7(@types/node@24.13.3)(terser@5.49.1)(tsx@4.23.5))
      typescript:
        specifier: ^5.9.2
        version: 5.9.3
      vitest:
        specifier: ^3.2.4
        version: 3.2.7(@types/node@24.13.3)(terser@5.49.1)(tsx@4.23.5)

  apps/review-service:
    dependencies:
      '@nestjs/common':
        specifier: ^11.1.6
        version: 11.1.28(reflect-metadata@0.2.2)(rxjs@7.8.2)
      '@nestjs/core':
        specifier: ^11.1.6
        version: 11.1.28(@nestjs/common@11.1.28(reflect-metadata@0.2.2)(rxjs@7.8.2))(@nestjs/platform-express@11.1.28)(reflect-metadata@0.2.2)(rxjs@7.8.2)
      '@nestjs/platform-express':
        specifier: ^11.1.6
        version: 11.1.28(@nestjs/common@11.1.28(reflect-metadata@0.2.2)(rxjs@7.8.2))(@nestjs/core@11.1.28)
      pg:
        specifier: ^8.22.0
        version: 8.22.0
      reflect-metadata:
        specifier: ^0.2.2
        version: 0.2.2
      rxjs:
        specifier: ^7.8.2
        version: 7.8.2
    devDependencies:
      '@nestjs/cli':
        specifier: ^11.0.10
        version: 11.0.24(@types/node@24.13.3)(prettier@3.9.6)
      '@types/node':
        specifier: ^24.3.0
        version: 24.13.3
      '@types/pg':
        specifier: ^8.20.0
        version: 8.20.3
      prettier:
        specifier: ^3.6.2
        version: 3.9.6
      typescript:
        specifier: ^5.9.2
        version: 5.9.3
      vitest:
        specifier: ^3.2.4
        version: 3.2.7(@types/node@24.13.3)(terser@5.49.1)(tsx@4.23.5)

  apps/web:
    dependencies:
      next:
        specifier: ^15.5.2
        version: 15.5.22(@playwright/test@1.62.1)(react-dom@19.2.8(react@19.2.8))(react@19.2.8)
      react:
        specifier: ^19.1.1
        version: 19.2.8
      react-dom:
        specifier: ^19.1.1
        version: 19.2.8(react@19.2.8)
    devDependencies:
      '@playwright/test':
        specifier: ^1.55.0
        version: 1.62.1
      '@types/node':
        specifier: ^24.3.0
        version: 24.13.3
      '@types/react':
        specifier: ^19.1.12
        version: 19.2.18
      '@types/react-dom':
        specifier: ^19.1.9
        version: 19.2.4(@types/react@19.2.18)
      tsx:
        specifier: ^4.20.5
        version: 4.23.5
      typescript:
        specifier: ^5.9.2
        version: 5.9.3

  infra/tests:
    devDependencies:
      '@types/node':
        specifier: ^24.3.0
        version: 24.13.3
      typescript:
        specifier: ^5.9.2
        version: 5.9.3
      vitest:
        specifier: ^3.2.4
        version: 3.2.7(@types/node@24.13.3)(terser@5.49.1)(tsx@4.23.5)

  packages/appguardrail-contract: {}

  packages/commercial-development-agent:
    devDependencies:
      '@vitest/coverage-v8':
        specifier: ^3.2.4
        version: 3.2.7(vitest@3.2.7(@types/node@24.13.3)(terser@5.49.1)(tsx@4.23.5))
      opencode-ai:
        specifier: 1.18.9
        version: 1.18.9
      vitest:
        specifier: ^3.2.4
        version: 3.2.7(@types/node@24.13.3)(terser@5.49.1)(tsx@4.23.5)

  packages/commercial-readiness: {}

  packages/contracts: {}

  packages/observability:
    devDependencies:
      '@types/node':
        specifier: ^24.3.0
        version: 24.13.3
      typescript:
        specifier: ^5.9.2
        version: 5.9.3

  packages/plugin-sdk:
    devDependencies:
      '@types/node':
        specifier: ^24.3.0
        version: 24.13.3
      typescript:
        specifier: ^5.9.2
        version: 5.9.3
      vitest:
        specifier: ^3.2.4
        version: 3.2.7(@types/node@24.13.3)(terser@5.49.1)(tsx@4.23.5)

packages:

  '@ampproject/remapping@2.3.0':
    resolution: {integrity: sha512-30iZtAPgz+LTIYoeivqYo853f02jBYSd5uGnGpkFV0M3xOt9aN73erkgYAmZU43x4VfqcnLxW9Kpg3R5LC4YYw==}
    engines: {node: '>=6.0.0'}

  '@angular-devkit/core@19.2.24':
    resolution: {integrity: sha512-Kd49warf6U/EyWe5BszF/eebN3zQ3bk7tgfEljAw8q/rX95UUtriJubWvp6pgzHfzBA4jwq8f+QiNZB8eBEXPA==}
    engines: {node: ^18.19.1 || ^20.11.1 || >=22.0.0, npm: ^6.11.0 || ^7.5.6 || >=8.0.0, yarn: '>= 1.13.0'}
    peerDependencies:
      chokidar: ^4.0.0
    peerDependenciesMeta:
      chokidar:
        optional: true

  '@angular-devkit/core@19.2.27':
    resolution: {integrity: sha512-3amNzoCVSKd7ah6l6lBQL4onwwJvqvam7FMoQBILrxtW5LB5ezh8gMSPuA4zJjKjoRzf9uoWdlzqv/84I52xZA==}
    engines: {node: ^18.19.1 || ^20.11.1 || >=22.0.0, npm: ^6.11.0 || ^7.5.6 || >=8.0.0, yarn: '>= 1.13.0'}
    peerDependencies:
      chokidar: ^4.0.0
    peerDependenciesMeta:
      chokidar:
        optional: true

  '@angular-devkit/schematics-cli@19.2.27':
    resolution: {integrity: sha512-wHYH6SVXVykhLzovUHtYor3Nl4SpIiITi7r9DQDaKYUD4hpRBx25W6N9eGuakT9Vd5tV/x6wmvQFWQZQwFB7eA==}
    engines: {node: ^18.19.1 || ^20.11.1 || >=22.0.0, npm: ^6.11.0 || ^7.5.6 || >=8.0.0, yarn: '>= 1.13.0'}
    hasBin: true

  '@angular-devkit/schematics@19.2.24':
    resolution: {integrity: sha512-lnw+ZM1Io+cJAkReC0NPDjqObL8NtKzKIkdgEEKC8CUmkhurYhedbicN8Y8NYHgG1uLd2GozW3+/QqPRZaN+Lw==}
    engines: {node: ^18.19.1 || ^20.11.1 || >=22.0.0, npm: ^6.11.0 || ^7.5.6 || >=8.0.0, yarn: '>= 1.13.0'}

  '@angular-devkit/schematics@19.2.27':
    resolution: {integrity: sha512-/PZmyAlb2NGWPikRRuiWLdfHQd8Wrx6lX4HqvTcaDhlU43M3T0ud4PH2T3QDp7BzHYY92xtD8iPxX2asg67G1A==}
    engines: {node: ^18.19.1 || ^20.11.1 || >=22.0.0, npm: ^6.11.0 || ^7.5.6 || >=8.0.0, yarn: '>= 1.13.0'}

  '@babel/code-frame@7.29.7':
    resolution: {integrity: sha512-Aup7aUOfpbAUg2ROOJN6Iw5f9DMBlzu0mIkm/malLQFN/YQgO48wCj0Kxa3sEHJvPVFg7siR+qRInwXd2qhQKw==}
    engines: {node: '>=6.9.0'}

  '@babel/helper-string-parser@7.29.7':
    resolution: {integrity: sha512-Pb5ijPrZ89GDH8223L4UP8i6QApWxs04RbPQJTeWDV0/keR2E36MeKnyr6LYmUUvqRRI+Iv87SuF1W6ErINzYw==}
    engines: {node: '>=6.9.0'}

  '@babel/helper-validator-identifier@7.29.7':
    resolution: {integrity: sha512-qehxGkRj55h/ff8EMaJ+cYhyaKlHIxqYDn682wQD7RNp9UujOQsHog2uS0r2vzr4pW+sXf90NeeayjcNaX3fFg==}
    engines: {node: '>=6.9.0'}

  '@babel/parser@7.29.8':
    resolution: {integrity: sha512-E8lTAYNB1KW+FH+VGJuZM1ioAx2E6oVlvQFRrf5P8ZZmsiJXYAD9vTFV7yyEURNzgh1dFqMZuO6tUwcARbqFCA==}
    engines: {node: '>=6.0.0'}
    hasBin: true

  '@babel/types@7.29.8':
    resolution: {integrity: sha512-Vj1jF3cPfxg7OAfoI7QnVKLoILlm2JF9pnVHrX8qx7AHMiYWT+NDAA7jChlNgRS4WTLc/fD1lXLmPixluj+3Gg==}
    engines: {node: '>=6.9.0'}

  '@bcoe/v8-coverage@1.0.2':
    resolution: {integrity: sha512-6zABk/ECA/QYSCQ1NGiVwwbQerUCZ+TQbp64Q3AgmfNvurHH0j8TtXa1qbShXA6qqkpAj4V5W8pP6mLe1mcMqA==}
    engines: {node: '>=18'}

  '@borewit/text-codec@0.2.2':
    resolution: {integrity: sha512-DDaRehssg1aNrH4+2hnj1B7vnUGEjU6OIlyRdkMd0aUdIUvKXrJfXsy8LVtXAy7DRvYVluWbMspsRhz2lcW0mQ==}

  '@colors/colors@1.5.0':
    resolution: {integrity: sha512-ooWCrlZP11i8GImSjTHYHLkvFDP48nS4+204nGb1RiX/WXYHmJA2III9/e2DWVabCESdW7hBAEzHRqUn9OUVvQ==}
    engines: {node: '>=0.1.90'}

  '@emnapi/runtime@1.11.3':
    resolution: {integrity: sha512-Xz4Tpyki7XyrpbUK1jR1AhdAdaXyhhY4lZ3neLodmhpuWfy2PAQN5B46sAiU4liOXGLkHypn/qU+jvfWSCYYLA==}

  '@esbuild/aix-ppc64@0.28.1':
    resolution: {integrity: sha512-Svl7tq8k/08+p6CXPpRjQ1fKX+1odH/BQbb48fV6fj3CWHhsoIOoY87w1oHXm0qEpkIK3ZfVgp0hed3XBXzXMQ==}
    engines: {node: '>=18'}
    cpu: [ppc64]
    os: [aix]

  '@esbuild/android-arm64@0.28.1':
    resolution: {integrity: sha512-34EGEbCIAgosYz6goLcopX6Mo7NyGv9tfwEM2/7Ce2VcVRk568iSvniGWcUXIy7wEDR1wzolcxcriFVrWYcwBg==}
    engines: {node: '>=18'}
    cpu: [arm64]
    os: [android]

  '@esbuild/android-arm@0.28.1':
    resolution: {integrity: sha512-0k2F129Xdio1TdJfzJ8sy1Q47vUD2NnwdhiAf7drUN1EBTfPf4hsFCtmMgu/6m8JSzsBrlmVjudMBQqOfG8usQ==}
    engines: {node: '>=18'}
    cpu: [arm]
    os: [android]

  '@esbuild/android-x64@0.28.1':
    resolution: {integrity: sha512-dbwY7ltSMDWsRatcRpCnES4F+im88OCUgGZjy52shC7GqHRE/cYlxNbB4Z4UpJswpcc4Qxd2oE/ufM0p61IKng==}
    engines: {node: '>=18'}
    cpu: [x64]
    os: [android]

  '@esbuild/darwin-arm64@0.28.1':
    resolution: {integrity: sha512-TZbWkQY7kvTAXbXUT7uVACR5cMHsDiSz9z7ZKAX/RTq/WJEk3QyRr0wZpNhBDX+/0CtdqUIJlOiodQcta6tY3Q==}
    engines: {node: '>=18'}
    cpu: [arm64]
    os: [darwin]

  '@esbuild/darwin-x64@0.28.1':
    resolution: {integrity: sha512-zfdzgK9ACBNZLI/CyHTOx81SyNbM6YXn7rxSgX97VjyiPl9W1i4Ka4fgKECEoFCKGpvBj5qArWIGgQjOwkgskQ==}
    engines: {node: '>=18'}
    cpu: [x64]
    os: [darwin]

  '@esbuild/freebsd-arm64@0.28.1':
    resolution: {integrity: sha512-wG2EA8ENdEI0qhkSZMjfqrdY+ziCYCPMmtZjjIwOmXFjmyzEHn+UUxk5of+SYsjtfs3VpnlC7QLzSI5hY/rOAw==}
    engines: {node: '>=18'}
    cpu: [arm64]
    os: [freebsd]

  '@esbuild/freebsd-x64@0.28.1':
    resolution: {integrity: sha512-i7dZ9vQgnvSCzi/rYCXNgtF/U+eKZNJBzu3eTQbRgHnM7tNSizLOkRFAl3qzVc/Op/u5YkHHa4pf/3DOYHthLQ==}
    engines: {node: '>=18'}
    cpu: [x64]
    os: [freebsd]

  '@esbuild/linux-arm64@0.28.1':
    resolution: {integrity: sha512-yHs+0uc8+nvEAfAfxrWQKK5peSNzBc4PegcMO0EJ2hT71uA7vB8Ihg2e77R2P7SG5uYjPbHlLLmve4LLLRCf0g==}
    engines: {node: '>=18'}
    cpu: [arm64]
    os: [linux]

  '@esbuild/linux-arm@0.28.1':
    resolution: {integrity: sha512-qVXBOHQS+d5Y722GwJzJUtOLlX7km3CraOaGormF1pDtPd2C/l1SHRPgjLunLGe51Sh5YYWKMFDyV4SxgMQYTQ==}
    engines: {node: '>=18'}
    cpu: [arm]
    os: [linux]

  '@esbuild/linux-ia32@0.28.1':
    resolution: {integrity: sha512-d1z4ZuP0ajrfz/FhGT4vv278rX8KnPPJx8i5+AtK7TYbx9Le9F1hyzurZpkEyjkGa9dUGhQow4C1NmeGvqxN2w==}
    engines: {node: '>=18'}
    cpu: [ia32]
    os: [linux]

  '@esbuild/linux-loong64@0.28.1':
    resolution: {integrity: sha512-M5sRjUVZrkm1OAPR3dlOYzNmN+loZKGVi1VUQGrwuqLcbR6qeAz+famMhjASeH3YVKvZz+zT1jlh/keC3Rj/lg==}
    engines: {node: '>=18'}
    cpu: [loong64]
    os: [linux]

  '@esbuild/linux-mips64el@0.28.1':
    resolution: {integrity: sha512-mRObBZeHh2OxcBFPWE/FjylkRgZdYuiTR3vaTozquCGOH14iP9oN4x4Ge81CoIDYQrXmIxpFumJBu5MtZpnQJQ==}
    engines: {node: '>=18'}
    cpu: [mips64el]
    os: [linux]

  '@esbuild/linux-ppc64@0.28.1':
    resolution: {integrity: sha512-slScBsMAb3GFDcdrCgLwZtPYRoH2H/youv10QiZyRjmsP48fznoveWytSgCI/R0ZcUgpc0ZhIUEx6LHts8yrfQ==}
    engines: {node: '>=18'}
    cpu: [ppc64]
    os: [linux]

  '@esbuild/linux-riscv64@0.28.1':
    resolution: {integrity: sha512-kw0owk1o0GFETUJyW0jc0G4Yzs0BHZn0JDZ8JRT088vjJYX777BAs1fDGxAC+q831qOs2DTC96mNsG2opdfyyQ==}
    engines: {node: '>=18'}
    cpu: [riscv64]
    os: [linux]

  '@esbuild/linux-s390x@0.28.1':
    resolution: {integrity: sha512-/lAIjX8aYFRByhh6L5rYtPEDRqa9de/4V/juOXcta5frjvzXO4/sqEtyytse0g3zZFuWu5cDN0MkLz2qRDD2Ag==}
    engines: {node: '>=18'}
    cpu: [s390x]
    os: [linux]

  '@esbuild/linux-x64@0.28.1':
    resolution: {integrity: sha512-u/anNYF2mmVOEDwLtnQ1wOr3EZ9sTNGLWrsYGYwHWzGA3Si84IOkHXlbWTD1NB+9/1lcnweYKO54uhxZydNzfA==}
    engines: {node: '>=18'}
    cpu: [x64]
    os: [linux]

  '@esbuild/netbsd-arm64@0.28.1':
    resolution: {integrity: sha512-oks0DYbLwWMmaakTsCb+zL4E+aHRVLom9IJZOAthMQEPiQmydXHkziYEsGYRx0uNV/IjEKGAV941JzH02pflqw==}
    engines: {node: '>=18'}
    cpu: [arm64]
    os: [netbsd]

  '@esbuild/netbsd-x64@0.28.1':
    resolution: {integrity: sha512-aeL6lAnN89Hz43Mlh1G8ARasbuoYvSITDEx0tHh5b7jJnHcssqgjy9Yx430GDpmCa6OyrKoS0aNRjKundRizGg==}
    engines: {node: '>=18'}
    cpu: [x64]
    os: [netbsd]

  '@esbuild/openbsd-arm64@0.28.1':
    resolution: {integrity: sha512-MEFJe5C3R8pwXdZ5Y21oo6m7ePiS0d9pWucn99O/wvyJZChoIQKrQDxKrGeW8F5+T0okTHesAmDeiHDTIq0V/Q==}
    engines: {node: '>=18'}
    cpu: [arm64]
    os: [openbsd]

  '@esbuild/openbsd-x64@0.28.1':
    resolution: {integrity: sha512-i/ZLIOafE0Z8cI/XANJAixoJL/uRAoS2xOA3rb0xN+KK0K177cMAsQYkzHtBrtMXAKuAc7HGgcWiZ/sRC1Nxgw==}
    engines: {node: '>=18'}
    cpu: [x64]
    os: [openbsd]

  '@esbuild/openharmony-arm64@0.28.1':
    resolution: {integrity: sha512-ge+Z7EXFNt2BO1oAMsVpiQ8EwndV9i1xXerAeTIK7AtPs3bKFXQM7nlRxDSIUIMeueR1CNXxqztLzdNeReKBJg==}
    engines: {node: '>=18'}
    cpu: [arm64]
    os: [openharmony]

  '@esbuild/sunos-x64@0.28.1':
    resolution: {integrity: sha512-BEjgtECkL3vY+SaSQ6nzVfiALUeFxpawyp8Jmf5PtYhf1Ug40N1h/hxlhts+f1FvSvarEigdxS3BlSMI2PJLcQ==}
    engines: {node: '>=18'}
    cpu: [x64]
    os: [sunos]

  '@esbuild/win32-arm64@0.28.1':
    resolution: {integrity: sha512-lCv9eK/H6ZJWbE7bh2nw54CZ9M2nupBxJcTsdk/QQnWkdSjKGuxmmH8/GWrlT1eMmZfn4dGcCjRte397WqfQXA==}
    engines: {node: '>=18'}
    cpu: [arm64]
    os: [win32]

  '@esbuild/win32-ia32@0.28.1':
    resolution: {integrity: sha512-zvb/mB2bSCoJOpoCBgYKKpX6YM6mJBlBUVUtVj41DlZJVEB6/0CKlRYxP5wWl1C1ILiCoAU5wZZ4q1P3qeS6Eg==}
    engines: {node: '>=18'}
    cpu: [ia32]
    os: [win32]

  '@esbuild/win32-x64@0.28.1':
    resolution: {integrity: sha512-bm4Mowrv+GXMlpWX++EcXw/iLyd1o3+bJkC2DkWXYVvgZCqD/bSj9ctZeAMC3cIxgjRVR2Dufaiu4YPxr5gW1A==}
    engines: {node: '>=18'}
    cpu: [x64]
    os: [win32]

  '@img/colour@1.1.0':
    resolution: {integrity: sha512-Td76q7j57o/tLVdgS746cYARfSyxk8iEfRxewL9h4OMzYhbW4TAcppl0mT4eyqXddh6L/jwoM75mo7ixa/pCeQ==}
    engines: {node: '>=18'}

  '@img/sharp-darwin-arm64@0.35.0':
    resolution: {integrity: sha512-ZgaYEwaj+lx/5n4W8GmZ2IYz0PQHjN5eqRcfijWGB+2Aq7ZInZGa0qJyAn6DEtyLuWHRSrmWOqT9q3qqTBvmUQ==}
    engines: {node: '>=20.9.0'}
    cpu: [arm64]
    os: [darwin]

  '@img/sharp-darwin-x64@0.35.0':
    resolution: {integrity: sha512-c1z9LFpKB0slQW3RchwBE8iSVzGp70TNjUUO9k4BZwwW4HH7JBGHeIy4b+kk4n/kcBASb9evKCE3/7Slmslgiw==}
    engines: {node: '>=20.9.0'}
    cpu: [x64]
    os: [darwin]

  '@img/sharp-freebsd-wasm32@0.35.0':
    resolution: {integrity: sha512-Li2KTev0H90kEtnJHkI9xQojXt1AqWmFBMXiPw5kqd1jQgP7gi5HVK/qC5Rmh/59NuAwUuPzzPITmX22NomYYQ==}
    engines: {node: '>=20.9.0'}
    os: [freebsd]

  '@img/sharp-libvips-darwin-arm64@1.3.0':
    resolution: {integrity: sha512-EKbmBKtyTH+GPFDRw2TgK2oV6hyxxlJVIar4hoTYSNmIwipgMFdxPQqR392GmfdsPGWga0mCFN1cCKjRb9cljw==}
    cpu: [arm64]
    os: [darwin]

  '@img/sharp-libvips-darwin-x64@1.3.0':
    resolution: {integrity: sha512-Pl2OmOvrJ42adUllESxBsG54PfXLo1OYg9i3c5/5Ln/qJ0gZuTM9YMhQJPIbXqwidLRc/c2zuHt4RsrymmNv7A==}
    cpu: [x64]
    os: [darwin]

  '@img/sharp-libvips-linux-arm64@1.3.0':
    resolution: {integrity: sha512-C0SqjoFKnszqa44EQ7xoaT48nnO0lOyXEULfXMWi8krrjOPGYkeK30Okzla6ATbBYsyZ0ySinK0FVkpv3DwzfQ==}
    cpu: [arm64]
    os: [linux]

  '@img/sharp-libvips-linux-arm@1.3.0':
    resolution: {integrity: sha512-A8UpHoUDW4DwnXoV6+q3C1s7QLRAHtPDEjWuNZjwHMyoCNZnm0GeNN8ls9f/bsEYTRQRW96C/n34XJQHJ2fT7A==}
    cpu: [arm]
    os: [linux]

  '@img/sharp-libvips-linux-ppc64@1.3.0':
    resolution: {integrity: sha512-WOpkVxAjFd369iaIzEgNRreFD+gWdUMIGD5zplhNKNeqS6mm5dac3q2AFyCBmzYoAdouzZvRBgxy4z8QHZb4/A==}
    cpu: [ppc64]
    os: [linux]

  '@img/sharp-libvips-linux-riscv64@1.3.0':
    resolution: {integrity: sha512-DRWw0mOHusrCCuw2rqP87oLg6PGlkomVDFqw2hIwsSfwWpu4k3XLcBPaKKl6ct/GtL/cwNkgwjV/tc0Mqht3VA==}
    cpu: [riscv64]
    os: [linux]

  '@img/sharp-libvips-linux-s390x@1.3.0':
    resolution: {integrity: sha512-9APy+nFWhHS+kzLgWZfLcyrUd7YqnAQVa4BPOo4xkoHpdoktOAPG4cEr9+Jpl0TtqfVmcMJimNL5qNTyyOHZNA==}
    cpu: [s390x]
    os: [linux]

  '@img/sharp-libvips-linux-x64@1.3.0':
    resolution: {integrity: sha512-y9RNUYDe2A1UAdhLyfeOodGRszQdaEoe4nfOpp/sNVPl2CWIcUyFaDoCh4vPLPxu19803j2naLqZup2WxDXCLA==}
    cpu: [x64]
    os: [linux]

  '@img/sharp-libvips-linuxmusl-arm64@1.3.0':
    resolution: {integrity: sha512-cC1wkC0Mlucd0KSiGrLkJnB/ZqPvZCntc/Lk7ZnYO5ZSbF2euNek4Xvxafojq+wN1q/W0eprdpUIjUr/EV2PBg==}
    cpu: [arm64]
    os: [linux]

  '@img/sharp-libvips-linuxmusl-x64@1.3.0':
    resolution: {integrity: sha512-LiYMhUZicB1QG//+RvmYZpXJO8fYRENfp+MZUCnG9aw+AKvGAy9gPaCnuwsPcBFs8EV66M0NNxj9VHcNklE8zw==}
    cpu: [x64]
    os: [linux]

  '@img/sharp-linux-arm64@0.35.0':
    resolution: {integrity: sha512-4+4XHLNT5wDT0roYlHTEmH9lDKt0acf9Tv+3hM3iceOirkxrR404/3WjAYZ9F9CkHrxeRcGLJXbi4vluMZ9O+A==}
    engines: {node: '>=20.9.0'}
    cpu: [arm64]
    os: [linux]

  '@img/sharp-linux-arm@0.35.0':
    resolution: {integrity: sha512-VVlpEWwizEFIOom0zdoeKuO5nuTswzVE5uHcBNvHzmeHUpNFajY3HFfbQ+zIH4E2kVaZ/yVxmsShW56TtEy4uA==}
    engines: {node: '>=20.9.0'}
    cpu: [arm]
    os: [linux]

  '@img/sharp-linux-ppc64@0.35.0':
    resolution: {integrity: sha512-N3hzbEpUTJC8pWpPVJvgzGxM+so/MAXc8O2s/53B0LL9ZGpfXpME7Wizkc5d/8fRBlBtkDjzoZGDCqqNDHqLEw==}
    engines: {node: '>=20.9.0'}
    cpu: [ppc64]
    os: [linux]

  '@img/sharp-linux-riscv64@0.35.0':
    resolution: {integrity: sha512-l6vmKVPnbS0RhVMbyxP5meAARsbhCnBN4fy31qz0+3a6Rv4jEqfzDrT89y6ZPkCi0AJGnwp2En528yXo401Hpw==}
    engines: {node: '>=20.9.0'}
    cpu: [riscv64]
    os: [linux]

  '@img/sharp-linux-s390x@0.35.0':
    resolution: {integrity: sha512-MYlMiPFiv/EKPAHnp3yNZ9AAWFsxga9c5Bkc6wkar6bqzHLlkGVJHRm0u1ei+VXnZxp3Mz9MG9ZIsI8vSOf3sQ==}
    engines: {node: '>=20.9.0'}
    cpu: [s390x]
    os: [linux]

  '@img/sharp-linux-x64@0.35.0':
    resolution: {integrity: sha512-TYaItB5oj1ioXjhyn2xrR208vf+YuIIcHptQWRRaBmFhvIvL9D72DXN8w75xup0KXA8UdEAhQ9Qb2S49FD/9Cw==}
    engines: {node: '>=20.9.0'}
    cpu: [x64]
    os: [linux]

  '@img/sharp-linuxmusl-arm64@0.35.0':
    resolution: {integrity: sha512-DSTb6ijQzqe6DdAaOBVqJ/SYf1vO8EW5bK6X6LRXufEBebf2722VCdvBUtZ3rtV0x2ApfPNDy/p7LrrjaWjiyQ==}
    engines: {node: '>=20.9.0'}
    cpu: [arm64]
    os: [linux]

  '@img/sharp-linuxmusl-x64@0.35.0':
    resolution: {integrity: sha512-K7ykQ+26Rt6+4BTU80AuGgTPIYX86UxiAKT4rcXX/WNTo7k1ZxpKz+TguHnwVpCqQK3B5PK0vZ0ZBe6nz/ib1w==}
    engines: {node: '>=20.9.0'}
    cpu: [x64]
    os: [linux]

  '@img/sharp-wasm32@0.35.0':
    resolution: {integrity: sha512-9woLIFORERCr+6cWu87dQ22J34EExkhc73U1kZW0c+RclQqWetoodByp4dWZ/hN8/KVmTRAx2HOnUwib8AwZdA==}
    engines: {node: '>=20.9.0'}

  '@img/sharp-webcontainers-wasm32@0.35.0':
    resolution: {integrity: sha512-t+kie1TOyaDM6Dho+f+y0VqIUNhYQaKCUahuZVi0E0frgdiaOaPsDxDW3wfKacUdaNBCnK/ZDBMg33ydvHj8uA==}
    engines: {node: '>=20.9.0'}
    cpu: [wasm32]

  '@img/sharp-win32-arm64@0.35.0':
    resolution: {integrity: sha512-M5eKxug0dabbaWgFKvPa3odNs2OpaP+81NASfGKkt4GcYXpNhSu7CaeYxWkLNV6vHmUp4hnCxnxrUyhUJhXbKA==}
    engines: {node: '>=20.9.0'}
    cpu: [arm64]
    os: [win32]

  '@img/sharp-win32-ia32@0.35.0':
    resolution: {integrity: sha512-z0+pZ03QCDvdVN0Ez9IX/yjWC19ikMlXrmdYMwYNLTh2BLPx3hXWPvyqWfquZ0BTO9O6GVOjIVoTcyyacMnWlQ==}
    engines: {node: ^20.9.0}
    cpu: [ia32]
    os: [win32]

  '@img/sharp-win32-x64@0.35.0':
    resolution: {integrity: sha512-feNnlz5ZHKr0MY1LPHvZQyJeBkbo4ctsn0D8FvA53VTw5TC63rfEL2UrWbkSBR19htSE7Mw78xYVwdJqoMWVHw==}
    engines: {node: '>=20.9.0'}
    cpu: [x64]
    os: [win32]

  '@inquirer/ansi@1.0.2':
    resolution: {integrity: sha512-S8qNSZiYzFd0wAcyG5AXCvUHC5Sr7xpZ9wZ2py9XR88jUz8wooStVx5M6dRzczbBWjic9NP7+rY0Xi7qqK/aMQ==}
    engines: {node: '>=18'}

  '@inquirer/checkbox@4.3.2':
    resolution: {integrity: sha512-VXukHf0RR1doGe6Sm4F0Em7SWYLTHSsbGfJdS9Ja2bX5/D5uwVOEjr07cncLROdBvmnvCATYEWlHqYmXv2IlQA==}
    engines: {node: '>=18'}
    peerDependencies:
      '@types/node': '>=18'
    peerDependenciesMeta:
      '@types/node':
        optional: true

  '@inquirer/confirm@5.1.21':
    resolution: {integrity: sha512-KR8edRkIsUayMXV+o3Gv+q4jlhENF9nMYUZs9PA2HzrXeHI8M5uDag70U7RJn9yyiMZSbtF5/UexBtAVtZGSbQ==}
    engines: {node: '>=18'}
    peerDependencies:
      '@types/node': '>=18'
    peerDependenciesMeta:
      '@types/node':
        optional: true

  '@inquirer/core@10.3.2':
    resolution: {integrity: sha512-43RTuEbfP8MbKzedNqBrlhhNKVwoK//vUFNW3Q3vZ88BLcrs4kYpGg+B2mm5p2K/HfygoCxuKwJJiv8PbGmE0A==}
    engines: {node: '>=18'}
    peerDependencies:
      '@types/node': '>=18'
    peerDependenciesMeta:
      '@types/node':
        optional: true

  '@inquirer/editor@4.2.23':
    resolution: {integrity: sha512-aLSROkEwirotxZ1pBaP8tugXRFCxW94gwrQLxXfrZsKkfjOYC1aRvAZuhpJOb5cu4IBTJdsCigUlf2iCOu4ZDQ==}
    engines: {node: '>=18'}
    peerDependencies:
      '@types/node': '>=18'
    peerDependenciesMeta:
      '@types/node':
        optional: true

  '@inquirer/expand@4.0.23':
    resolution: {integrity: sha512-nRzdOyFYnpeYTTR2qFwEVmIWypzdAx/sIkCMeTNTcflFOovfqUk+HcFhQQVBftAh9gmGrpFj6QcGEqrDMDOiew==}
    engines: {node: '>=18'}
    peerDependencies:
      '@types/node': '>=18'
    peerDependenciesMeta:
      '@types/node':
        optional: true

  '@inquirer/external-editor@1.0.3':
    resolution: {integrity: sha512-RWbSrDiYmO4LbejWY7ttpxczuwQyZLBUyygsA9Nsv95hpzUWwnNTVQmAq3xuh7vNwCp07UTmE5i11XAEExx4RA==}
    engines: {node: '>=18'}
    peerDependencies:
      '@types/node': '>=18'
    peerDependenciesMeta:
      '@types/node':
        optional: true

  '@inquirer/figures@1.0.15':
    resolution: {integrity: sha512-t2IEY+unGHOzAaVM5Xx6DEWKeXlDDcNPeDyUpsRc6CUhBfU3V4O0A4SLAY4E0nd+Vt+EyskeDIqu1M6w==}
    engines: {node: '>=18'}

packages: {}

snapshots: {}
